
Microsoft Visual Studio Solution File, Format Version 12.00
# Visual Studio Version 17
VisualStudioVersion = 17.14.37111.16 d17.14
MinimumVisualStudioVersion = 10.0.40219.1
Project("{FAE04EC0-301F-11D3-BF4B-00C04F79EFBC}") = "PI_Club_Deportivo", "PI_Club_Deportivo\PI_Club_Deportivo.csproj", "{3320A553-B693-4356-808E-200307DE570D}"
EndProject
Global
	GlobalSection(SolutionConfigurationPlatforms) = preSolution
		Debug|Any CPU = Debug|Any CPU
		Release|Any CPU = Release|Any CPU
	EndGlobalSection
	GlobalSection(ProjectConfigurationPlatforms) = postSolution
		{3320A553-B693-4356-808E-200307DE570D}.Debug|Any CPU.ActiveCfg = Debug|Any CPU
		{3320A553-B693-4356-808E-200307DE570D}.Debug|Any CPU.Build.0 = Debug|Any CPU
		{3320A553-B693-4356-808E-200307DE570D}.Release|Any CPU.ActiveCfg = Release|Any CPU
		{3320A553-B693-4356-808E-200307DE570D}.Release|Any CPU.Build.0 = Release|Any CPU
	EndGlobalSection
	GlobalSection(SolutionProperties) = preSolution
		HideSolutionNode = FALSE
	EndGlobalSection
	GlobalSection(ExtensibilityGlobals) = postSolution
		SolutionGuid = {9771E5F8-5F8D-4F8A-BF36-F2E59F1C3AA4}
	EndGlobalSection
EndGlobal
